
Microsoft Visual Studio Solution File, Format Version 12.00
# Visual Studio Version 17
VisualStudioVersion = 17.9.34701.34
MinimumVisualStudioVersion = 10.0.40219.1
Project("{FAE04EC0-301F-11D3-BF4B-00C04F79EFBC}") = "AirQualityAPI", "AirQualityAPI\AirQualityAPI.csproj", "{FDF0348A-D263-4B3B-86F0-CB55DB2A8D12}"
EndProject
Global
	GlobalSection(SolutionConfigurationPlatforms) = preSolution
		Debug|Any CPU = Debug|Any CPU
		Release|Any CPU = Release|Any CPU
	EndGlobalSection
	GlobalSection(ProjectConfigurationPlatforms) = postSolution
		{FDF0348A-D263-4B3B-86F0-CB55DB2A8D12}.Debug|Any CPU.ActiveCfg = Debug|Any CPU
		{FDF0348A-D263-4B3B-86F0-CB55DB2A8D12}.Debug|Any CPU.Build.0 = Debug|Any CPU
		{FDF0348A-D263-4B3B-86F0-CB55DB2A8D12}.Release|Any CPU.ActiveCfg = Release|Any CPU
		{FDF0348A-D263-4B3B-86F0-CB55DB2A8D12}.Release|Any CPU.Build.0 = Release|Any CPU
	EndGlobalSection
	GlobalSection(SolutionProperties) = preSolution
		HideSolutionNode = FALSE
	EndGlobalSection
	GlobalSection(ExtensibilityGlobals) = postSolution
		SolutionGuid = {FC00F9EF-4B64-40DE-8042-87E5AE8305EB}
	EndGlobalSection
EndGlobal
